
Microsoft Visual Studio Solution File, Format Version 12.00
# Visual Studio Version 16
VisualStudioVersion = 16.0.29519.87
MinimumVisualStudioVersion = 10.0.40219.1
Project("{FAE04EC0-301F-11D3-BF4B-00C04F79EFBC}") = "FrmLab1", "FrmLab1.csproj", "{FD7B764E-6663-4491-BD03-327735A77AB5}"
EndProject
Global
	GlobalSection(SolutionConfigurationPlatforms) = preSolution
		Debug|Any CPU = Debug|Any CPU
		Release|Any CPU = Release|Any CPU
	EndGlobalSection
	GlobalSection(ProjectConfigurationPlatforms) = postSolution
		{FD7B764E-6663-4491-BD03-327735A77AB5}.Debug|Any CPU.ActiveCfg = Debug|Any CPU
		{FD7B764E-6663-4491-BD03-327735A77AB5}.Debug|Any CPU.Build.0 = Debug|Any CPU
		{FD7B764E-6663-4491-BD03-327735A77AB5}.Release|Any CPU.ActiveCfg = Release|Any CPU
		{FD7B764E-6663-4491-BD03-327735A77AB5}.Release|Any CPU.Build.0 = Release|Any CPU
	EndGlobalSection
	GlobalSection(SolutionProperties) = preSolution
		HideSolutionNode = FALSE
	EndGlobalSection
	GlobalSection(ExtensibilityGlobals) = postSolution
		SolutionGuid = {84C061BE-72BC-4E39-88E9-DBD24966DA86}
	EndGlobalSection
EndGlobal
